
Microsoft Visual Studio Solution File, Format Version 12.00
# Visual Studio Version 17
VisualStudioVersion = 17.9.34728.123
MinimumVisualStudioVersion = 10.0.40219.1
Project("{FAE04EC0-301F-11D3-BF4B-00C04F79EFBC}") = "TestRender", "TestRender.csproj", "{C258CCCF-B17A-40DC-853E-DC83DA12BED1}"
EndProject
Global
	GlobalSection(SolutionConfigurationPlatforms) = preSolution
		Debug|Any CPU = Debug|Any CPU
		Release|Any CPU = Release|Any CPU
	EndGlobalSection
	GlobalSection(ProjectConfigurationPlatforms) = postSolution
		{C258CCCF-B17A-40DC-853E-DC83DA12BED1}.Debug|Any CPU.ActiveCfg = Debug|Any CPU
		{C258CCCF-B17A-40DC-853E-DC83DA12BED1}.Debug|Any CPU.Build.0 = Debug|Any CPU
		{C258CCCF-B17A-40DC-853E-DC83DA12BED1}.Release|Any CPU.ActiveCfg = Release|Any CPU
		{C258CCCF-B17A-40DC-853E-DC83DA12BED1}.Release|Any CPU.Build.0 = Release|Any CPU
	EndGlobalSection
	GlobalSection(SolutionProperties) = preSolution
		HideSolutionNode = FALSE
	EndGlobalSection
	GlobalSection(ExtensibilityGlobals) = postSolution
		SolutionGuid = {FBBF7243-A7E6-47A7-9DE7-D9E694A8BD95}
	EndGlobalSection
EndGlobal
